// !$*UTF8*$!
{
	archiveVersion = 1;
	classes = {
	};
	objectVersion = 50;
	objects = {

/* Begin PBXBuildFile section */
		9470A3B82616E31900E64C0E /* Tests_iOS.swift in Sources */ = {isa = PBXBuildFile; fileRef = 9470A3B72616E31900E64C0E /* Tests_iOS.swift */; };
		9470A3C32616E31900E64C0E /* Tests_macOS.swift in Sources */ = {isa = PBXBuildFile; fileRef = 9470A3C22616E31900E64C0E /* Tests_macOS.swift */; };
		9470A3C52616E31900E64C0E /* scratchpadApp.swift in Sources */ = {isa = PBXBuildFile; fileRef = 9470A39C2616E31800E64C0E /* scratchpadApp.swift */; };
		9470A3C62616E31900E64C0E /* scratchpadApp.swift in Sources */ = {isa = PBXBuildFile; fileRef = 9470A39C2616E31800E64C0E /* scratchpadApp.swift */; };
		9470A3C72616E31900E64C0E /* ContentView.swift in Sources */ = {isa = PBXBuildFile; fileRef = 9470A39D2616E31800E64C0E /* ContentView.swift */; };
		9470A3C82616E31900E64C0E /* ContentView.swift in Sources */ = {isa = PBXBuildFile; fileRef = 9470A39D2616E31800E64C0E /* ContentView.swift */; };
		9470A3C92616E31900E64C0E /* Assets.xcassets in Resources */ = {isa = PBXBuildFile; fileRef = 9470A39E2616E31800E64C0E /* Assets.xcassets */; };
		9470A3CA2616E31900E64C0E /* Assets.xcassets in Resources */ = {isa = PBXBuildFile; fileRef = 9470A39E2616E31800E64C0E /* Assets.xcassets */; };
/* End PBXBuildFile section */

/* Begin PBXContainerItemProxy section */
		9470A3B42616E31900E64C0E /* PBXContainerItemProxy */ = {
			isa = PBXContainerItemProxy;
			containerPortal = 9470A3972616E31800E64C0E /* Project object */;
			proxyType = 1;
			remoteGlobalIDString = 9470A3A22616E31900E64C0E;
			remoteInfo = "scratchpad (iOS)";
		};
		9470A3BF2616E31900E64C0E /* PBXContainerItemProxy */ = {
			isa = PBXContainerItemProxy;
			containerPortal = 9470A3972616E31800E64C0E /* Project object */;
			proxyType = 1;
			remoteGlobalIDString = 9470A3AA2616E31900E64C0E;
			remoteInfo = "scratchpad (macOS)";
		};
/* End PBXContainerItemProxy section */

/* Begin PBXFileReference section */
		9470A39C2616E31800E64C0E /* scratchpadApp.swift */ = {isa = PBXFileReference; lastKnownFileType = sourcecode.swift; path = scratchpadApp.swift; sourceTree = "<group>"; };
		9470A39D2616E31800E64C0E /* ContentView.swift */ = {isa = PBXFileReference; lastKnownFileType = sourcecode.swift; path = ContentView.swift; sourceTree = "<group>"; };
		9470A39E2616E31800E64C0E /* Assets.xcassets */ = {isa = PBXFileReference; lastKnownFileType = folder.assetcatalog; path = Assets.xcassets; sourceTree = "<group>"; };
		9470A3A32616E31900E64C0E /* scratchpad.app */ = {isa = PBXFileReference; explicitFileType = wrapper.application; includeInIndex = 0; path = scratchpad.app; sourceTree = BUILT_PRODUCTS_DIR; };
		9470A3A62616E31900E64C0E /* Info.plist */ = {isa = PBXFileReference; lastKnownFileType = text.plist.xml; path = Info.plist; sourceTree = "<group>"; };
		9470A3AB2616E31900E64C0E /* scratchpad.app */ = {isa = PBXFileReference; explicitFileType = wrapper.application; includeInIndex = 0; path = scratchpad.app; sourceTree = BUILT_PRODUCTS_DIR; };
		9470A3AD2616E31900E64C0E /* Info.plist */ = {isa = PBXFileReference; lastKnownFileType = text.plist.xml; path = Info.plist; sourceTree = "<group>"; };
		9470A3AE2616E31900E64C0E /* macOS.entitlements */ = {isa = PBXFileReference; lastKnownFileType = text.plist.entitlements; path = macOS.entitlements; sourceTree = "<group>"; };
		9470A3B32616E31900E64C0E /* Tests iOS.xctest */ = {isa = PBXFileReference; explicitFileType = wrapper.cfbundle; includeInIndex = 0; path = "Tests iOS.xctest"; sourceTree = BUILT_PRODUCTS_DIR; };
		9470A3B72616E31900E64C0E /* Tests_iOS.swift */ = {isa = PBXFileReference; lastKnownFileType = sourcecode.swift; path = Tests_iOS.swift; sourceTree = "<group>"; };
		9470A3B92616E31900E64C0E /* Info.plist */ = {isa = PBXFileReference; lastKnownFileType = text.plist.xml; path = Info.plist; sourceTree = "<group>"; };
		9470A3BE2616E31900E64C0E /* Tests macOS.xctest */ = {isa = PBXFileReference; explicitFileType = wrapper.cfbundle; includeInIndex = 0; path = "Tests macOS.xctest"; sourceTree = BUILT_PRODUCTS_DIR; };
		9470A3C22616E31900E64C0E /* Tests_macOS.swift */ = {isa = PBXFileReference; lastKnownFileType = sourcecode.swift; path = Tests_macOS.swift; sourceTree = "<group>"; };
		9470A3C42616E31900E64C0E /* Info.plist */ = {isa = PBXFileReference; lastKnownFileType = text.plist.xml; path = Info.plist; sourceTree = "<group>"; };
/* End PBXFileReference section */

/* Begin PBXFrameworksBuildPhase section */
		9470A3A02616E31900E64C0E /* Frameworks */ = {
			isa = PBXFrameworksBuildPhase;
			buildActionMask = 2147483647;
			files = (
			);
			runOnlyForDeploymentPostprocessing = 0;
		};
		9470A3A82616E31900E64C0E /* Frameworks */ = {
			isa = PBXFrameworksBuildPhase;
			buildActionMask = 2147483647;
			files = (
			);
			runOnlyForDeploymentPostprocessing = 0;
		};
		9470A3B02616E31900E64C0E /* Frameworks */ = {
			isa = PBXFrameworksBuildPhase;
			buildActionMask = 2147483647;
			files = (
			);
			runOnlyForDeploymentPostprocessing = 0;
		};
		9470A3BB2616E31900E64C0E /* Frameworks */ = {
			isa = PBXFrameworksBuildPhase;
			buildActionMask = 2147483647;
			files = (
			);
			runOnlyForDeploymentPostprocessing = 0;
		};
/* End PBXFrameworksBuildPhase section */

/* Begin PBXGroup section */
		9470A3962616E31800E64C0E = {
			isa = PBXGroup;
			children = (
				9470A39B2616E31800E64C0E /* Shared */,
				9470A3A52616E31900E64C0E /* iOS */,
				9470A3AC2616E31900E64C0E /* macOS */,
				9470A3B62616E31900E64C0E /* Tests iOS */,
				9470A3C12616E31900E64C0E /* Tests macOS */,
				9470A3A42616E31900E64C0E /* Products */,
			);
			sourceTree = "<group>";
		};
		9470A39B2616E31800E64C0E /* Shared */ = {
			isa = PBXGroup;
			children = (
				9470A39C2616E31800E64C0E /* scratchpadApp.swift */,
				9470A39D2616E31800E64C0E /* ContentView.swift */,
				9470A39E2616E31800E64C0E /* Assets.xcassets */,
			);
			path = Shared;
			sourceTree = "<group>";
		};
		9470A3A42616E31900E64C0E /* Products */ = {
			isa = PBXGroup;
			children = (
				9470A3A32616E31900E64C0E /* scratchpad.app */,
				9470A3AB2616E31900E64C0E /* scratchpad.app */,
				9470A3B32616E31900E64C0E /* Tests iOS.xctest */,
				9470A3BE2616E31900E64C0E /* Tests macOS.xctest */,
			);
			name = Products;
			sourceTree = "<group>";
		};
		9470A3A52616E31900E64C0E /* iOS */ = {
			isa = PBXGroup;
			children = (
				9470A3A62616E31900E64C0E /* Info.plist */,
			);
			path = iOS;
			sourceTree = "<group>";
		};
		9470A3AC2616E31900E64C0E /* macOS */ = {
			isa = PBXGroup;
			children = (
				9470A3AD2616E31900E64C0E /* Info.plist */,
				9470A3AE2616E31900E64C0E /* macOS.entitlements */,
			);
			path = macOS;
			sourceTree = "<group>";
		};
		9470A3B62616E31900E64C0E /* Tests iOS */ = {
			isa = PBXGroup;
			children = (
				9470A3B72616E31900E64C0E /* Tests_iOS.swift */,
				9470A3B92616E31900E64C0E /* Info.plist */,
			);
			path = "Tests iOS";
			sourceTree = "<group>";
		};
		9470A3C12616E31900E64C0E /* Tests macOS */ = {
			isa = PBXGroup;
			children = (
				9470A3C22616E31900E64C0E /* Tests_macOS.swift */,
				9470A3C42616E31900E64C0E /* Info.plist */,
			);
			path = "Tests macOS";
			sourceTree = "<group>";
		};
/* End PBXGroup section */

/* Begin PBXNativeTarget section */
		9470A3A22616E31900E64C0E /* scratchpad (iOS) */ = {
			isa = PBXNativeTarget;
			buildConfigurationList = 9470A3CD2616E31900E64C0E /* Build configuration list for PBXNativeTarget "scratchpad (iOS)" */;
			buildPhases = (
				9470A39F2616E31900E64C0E /* Sources */,
				9470A3A02616E31900E64C0E /* Frameworks */,
				9470A3A12616E31900E64C0E /* Resources */,
			);
			buildRules = (
			);
			dependencies = (
			);
			name = "scratchpad (iOS)";
			productName = "scratchpad (iOS)";
			productReference = 9470A3A32616E31900E64C0E /* scratchpad.app */;
			productType = "com.apple.product-type.application";
		};
		9470A3AA2616E31900E64C0E /* scratchpad (macOS) */ = {
			isa = PBXNativeTarget;
			buildConfigurationList = 9470A3D02616E31900E64C0E /* Build configuration list for PBXNativeTarget "scratchpad (macOS)" */;
			buildPhases = (
				9470A3A72616E31900E64C0E /* Sources */,
				9470A3A82616E31900E64C0E /* Frameworks */,
				9470A3A92616E31900E64C0E /* Resources */,
			);
			buildRules = (
			);
			dependencies = (
			);
			name = "scratchpad (macOS)";
			productName = "scratchpad (macOS)";
			productReference = 9470A3AB2616E31900E64C0E /* scratchpad.app */;
			productType = "com.apple.product-type.application";
		};
		9470A3B22616E31900E64C0E /* Tests iOS */ = {
			isa = PBXNativeTarget;
			buildConfigurationList = 9470A3D32616E31900E64C0E /* Build configuration list for PBXNativeTarget "Tests iOS" */;
			buildPhases = (
				9470A3AF2616E31900E64C0E /* Sources */,
				9470A3B02616E31900E64C0E /* Frameworks */,
				9470A3B12616E31900E64C0E /* Resources */,
			);
			buildRules = (
			);
			dependencies = (
				9470A3B52616E31900E64C0E /* PBXTargetDependency */,
			);
			name = "Tests iOS";
			productName = "Tests iOS";
			productReference = 9470A3B32616E31900E64C0E /* Tests iOS.xctest */;
			productType = "com.apple.product-type.bundle.ui-testing";
		};
		9470A3BD2616E31900E64C0E /* Tests macOS */ = {
			isa = PBXNativeTarget;
			buildConfigurationList = 9470A3D62616E31900E64C0E /* Build configuration list for PBXNativeTarget "Tests macOS" */;
			buildPhases = (
				9470A3BA2616E31900E64C0E /* Sources */,
				9470A3BB2616E31900E64C0E /* Frameworks */,
				9470A3BC2616E31900E64C0E /* Resources */,
			);
			buildRules = (
			);
			dependencies = (
				9470A3C02616E31900E64C0E /* PBXTargetDependency */,
			);
			name = "Tests macOS";
			productName = "Tests macOS";
			productReference = 9470A3BE2616E31900E64C0E /* Tests macOS.xctest */;
			productType = "com.apple.product-type.bundle.ui-testing";
		};
/* End PBXNativeTarget section */

/* Begin PBXProject section */
		9470A3972616E31800E64C0E /* Project object */ = {
			isa = PBXProject;
			attributes = {
				LastSwiftUpdateCheck = 1240;
				LastUpgradeCheck = 1240;
				TargetAttributes = {
					9470A3A22616E31900E64C0E = {
						CreatedOnToolsVersion = 12.4;
					};
					9470A3AA2616E31900E64C0E = {
						CreatedOnToolsVersion = 12.4;
					};
					9470A3B22616E31900E64C0E = {
						CreatedOnToolsVersion = 12.4;
						TestTargetID = 9470A3A22616E31900E64C0E;
					};
					9470A3BD2616E31900E64C0E = {
						CreatedOnToolsVersion = 12.4;
						TestTargetID = 9470A3AA2616E31900E64C0E;
					};
				};
			};
			buildConfigurationList = 9470A39A2616E31800E64C0E /* Build configuration list for PBXProject "scratchpad" */;
			compatibilityVersion = "Xcode 9.3";
			developmentRegion = en;
			hasScannedForEncodings = 0;
			knownRegions = (
				en,
				Base,
			);
			mainGroup = 9470A3962616E31800E64C0E;
			productRefGroup = 9470A3A42616E31900E64C0E /* Products */;
			projectDirPath = "";
			projectRoot = "";
			targets = (
				9470A3A22616E31900E64C0E /* scratchpad (iOS) */,
				9470A3AA2616E31900E64C0E /* scratchpad (macOS) */,
				9470A3B22616E31900E64C0E /* Tests iOS */,
				9470A3BD2616E31900E64C0E /* Tests macOS */,
			);
		};
/* End PBXProject section */

/* Begin PBXResourcesBuildPhase section */
		9470A3A12616E31900E64C0E /* Resources */ = {
			isa = PBXResourcesBuildPhase;
			buildActionMask = 2147483647;
			files = (
				9470A3C92616E31900E64C0E /* Assets.xcassets in Resources */,
			);
			runOnlyForDeploymentPostprocessing = 0;
		};
		9470A3A92616E31900E64C0E /* Resources */ = {
			isa = PBXResourcesBuildPhase;
			buildActionMask = 2147483647;
			files = (
				9470A3CA2616E31900E64C0E /* Assets.xcassets in Resources */,
			);
			runOnlyForDeploymentPostprocessing = 0;
		};
		9470A3B12616E31900E64C0E /* Resources */ = {
			isa = PBXResourcesBuildPhase;
			buildActionMask = 2147483647;
			files = (
			);
			runOnlyForDeploymentPostprocessing = 0;
		};
		9470A3BC2616E31900E64C0E /* Resources */ = {
			isa = PBXResourcesBuildPhase;
			buildActionMask = 2147483647;
			files = (
			);
			runOnlyForDeploymentPostprocessing = 0;
		};
/* End PBXResourcesBuildPhase section */

/* Begin PBXSourcesBuildPhase section */
		9470A39F2616E31900E64C0E /* Sources */ = {
			isa = PBXSourcesBuildPhase;
			buildActionMask = 2147483647;
			files = (
				9470A3C72616E31900E64C0E /* ContentView.swift in Sources */,
				9470A3C52616E31900E64C0E /* scratchpadApp.swift in Sources */,
			);
			runOnlyForDeploymentPostprocessing = 0;
		};
		9470A3A72616E31900E64C0E /* Sources */ = {
			isa = PBXSourcesBuildPhase;
			buildActionMask = 2147483647;
			files = (
				9470A3C82616E31900E64C0E /* ContentView.swift in Sources */,
				9470A3C62616E31900E64C0E /* scratchpadApp.swift in Sources */,
			);
			runOnlyForDeploymentPostprocessing = 0;
		};
		9470A3AF2616E31900E64C0E /* Sources */ = {
			isa = PBXSourcesBuildPhase;
			buildActionMask = 2147483647;
			files = (
				9470A3B82616E31900E64C0E /* Tests_iOS.swift in Sources */,
			);
			runOnlyForDeploymentPostprocessing = 0;
		};
		9470A3BA2616E31900E64C0E /* Sources */ = {
			isa = PBXSourcesBuildPhase;
			buildActionMask = 2147483647;
			files = (
				9470A3C32616E31900E64C0E /* Tests_macOS.swift in Sources */,
			);
			runOnlyForDeploymentPostprocessing = 0;
		};
/* End PBXSourcesBuildPhase section */

/* Begin PBXTargetDependency section */
		9470A3B52616E31900E64C0E /* PBXTargetDependency */ = {
			isa = PBXTargetDependency;
			target = 9470A3A22616E31900E64C0E /* scratchpad (iOS) */;
			targetProxy = 9470A3B42616E31900E64C0E /* PBXContainerItemProxy */;
		};
		9470A3C02616E31900E64C0E /* PBXTargetDependency */ = {
			isa = PBXTargetDependency;
			target = 9470A3AA2616E31900E64C0E /* scratchpad (macOS) */;
			targetProxy = 9470A3BF2616E31900E64C0E /* PBXContainerItemProxy */;
		};
/* End PBXTargetDependency section */

/* Begin XCBuildConfiguration section */
		9470A3CB2616E31900E64C0E /* Debug */ = {
			isa = XCBuildConfiguration;
			buildSettings = {
				ALWAYS_SEARCH_USER_PATHS = NO;
				CLANG_ANALYZER_NONNULL = YES;
				CLANG_ANALYZER_NUMBER_OBJECT_CONVERSION = YES_AGGRESSIVE;
				CLANG_CXX_LANGUAGE_STANDARD = "gnu++14";
				CLANG_CXX_LIBRARY = "libc++";
				CLANG_ENABLE_MODULES = YES;
				CLANG_ENABLE_OBJC_ARC = YES;
				CLANG_ENABLE_OBJC_WEAK = YES;
				CLANG_WARN_BLOCK_CAPTURE_AUTORELEASING = YES;
				CLANG_WARN_BOOL_CONVERSION = YES;
				CLANG_WARN_COMMA = YES;
				CLANG_WARN_CONSTANT_CONVERSION = YES;
				CLANG_WARN_DEPRECATED_OBJC_IMPLEMENTATIONS = YES;
				CLANG_WARN_DIRECT_OBJC_ISA_USAGE = YES_ERROR;
				CLANG_WARN_DOCUMENTATION_COMMENTS = YES;
				CLANG_WARN_EMPTY_BODY = YES;
				CLANG_WARN_ENUM_CONVERSION = YES;
				CLANG_WARN_INFINITE_RECURSION = YES;
				CLANG_WARN_INT_CONVERSION = YES;
				CLANG_WARN_NON_LITERAL_NULL_CONVERSION = YES;
				CLANG_WARN_OBJC_IMPLICIT_RETAIN_SELF = YES;
				CLANG_WARN_OBJC_LITERAL_CONVERSION = YES;
				CLANG_WARN_OBJC_ROOT_CLASS = YES_ERROR;
				CLANG_WARN_QUOTED_INCLUDE_IN_FRAMEWORK_HEADER = YES;
				CLANG_WARN_RANGE_LOOP_ANALYSIS = YES;
				CLANG_WARN_STRICT_PROTOTYPES = YES;
				CLANG_WARN_SUSPICIOUS_MOVE = YES;
				CLANG_WARN_UNGUARDED_AVAILABILITY = YES_AGGRESSIVE;
				CLANG_WARN_UNREACHABLE_CODE = YES;
				CLANG_WARN__DUPLICATE_METHOD_MATCH = YES;
				COPY_PHASE_STRIP = NO;
				DEBUG_INFORMATION_FORMAT = dwarf;
				ENABLE_STRICT_OBJC_MSGSEND = YES;
				ENABLE_TESTABILITY = YES;
				GCC_C_LANGUAGE_STANDARD = gnu11;
				GCC_DYNAMIC_NO_PIC = NO;
				GCC_NO_COMMON_BLOCKS = YES;
				GCC_OPTIMIZATION_LEVEL = 0;
				GCC_PREPROCESSOR_DEFINITIONS = (
					"DEBUG=1",
					"$(inherited)",
				);
				GCC_WARN_64_TO_32_BIT_CONVERSION = YES;
				GCC_WARN_ABOUT_RETURN_TYPE = YES_ERROR;
				GCC_WARN_UNDECLARED_SELECTOR = YES;
				GCC_WARN_UNINITIALIZED_AUTOS = YES_AGGRESSIVE;
				GCC_WARN_UNUSED_FUNCTION = YES;
				GCC_WARN_UNUSED_VARIABLE = YES;
				MTL_ENABLE_DEBUG_INFO = INCLUDE_SOURCE;
				MTL_FAST_MATH = YES;
				ONLY_ACTIVE_ARCH = YES;
				SWIFT_ACTIVE_COMPILATION_CONDITIONS = DEBUG;
				SWIFT_OPTIMIZATION_LEVEL = "-Onone";
			};
			name = Debug;
		};
		9470A3CC2616E31900E64C0E /* Release */ = {
			isa = XCBuildConfiguration;
			buildSettings = {
				ALWAYS_SEARCH_USER_PATHS = NO;
				CLANG_ANALYZER_NONNULL = YES;
				CLANG_ANALYZER_NUMBER_OBJECT_CONVERSION = YES_AGGRESSIVE;
				CLANG_CXX_LANGUAGE_STANDARD = "gnu++14";
				CLANG_CXX_LIBRARY = "libc++";
				CLANG_ENABLE_MODULES = YES;
				CLANG_ENABLE_OBJC_ARC = YES;
				CLANG_ENABLE_OBJC_WEAK = YES;
				CLANG_WARN_BLOCK_CAPTURE_AUTORELEASING = YES;
				CLANG_WARN_BOOL_CONVERSION = YES;
				CLANG_WARN_COMMA = YES;
				CLANG_WARN_CONSTANT_CONVERSION = YES;
				CLANG_WARN_DEPRECATED_OBJC_IMPLEMENTATIONS = YES;
				CLANG_WARN_DIRECT_OBJC_ISA_USAGE = YES_ERROR;
				CLANG_WARN_DOCUMENTATION_COMMENTS = YES;
				CLANG_WARN_EMPTY_BODY = YES;
				CLANG_WARN_ENUM_CONVERSION = YES;
				CLANG_WARN_INFINITE_RECURSION = YES;
				CLANG_WARN_INT_CONVERSION = YES;
				CLANG_WARN_NON_LITERAL_NULL_CONVERSION = YES;
				CLANG_WARN_OBJC_IMPLICIT_RETAIN_SELF = YES;
				CLANG_WARN_OBJC_LITERAL_CONVERSION = YES;
				CLANG_WARN_OBJC_ROOT_CLASS = YES_ERROR;
				CLANG_WARN_QUOTED_INCLUDE_IN_FRAMEWORK_HEADER = YES;
				CLANG_WARN_RANGE_LOOP_ANALYSIS = YES;
				CLANG_WARN_STRICT_PROTOTYPES = YES;
				CLANG_WARN_SUSPICIOUS_MOVE = YES;
				CLANG_WARN_UNGUARDED_AVAILABILITY = YES_AGGRESSIVE;
				CLANG_WARN_UNREACHABLE_CODE = YES;
				CLANG_WARN__DUPLICATE_METHOD_MATCH = YES;
				COPY_PHASE_STRIP = NO;
				DEBUG_INFORMATION_FORMAT = "dwarf-with-dsym";
				ENABLE_NS_ASSERTIONS = NO;
				ENABLE_STRICT_OBJC_MSGSEND = YES;
				GCC_C_LANGUAGE_STANDARD = gnu11;
				GCC_NO_COMMON_BLOCKS = YES;
				GCC_WARN_64_TO_32_BIT_CONVERSION = YES;
				GCC_WARN_ABOUT_RETURN_TYPE = YES_ERROR;
				GCC_WARN_UNDECLARED_SELECTOR = YES;
				GCC_WARN_UNINITIALIZED_AUTOS = YES_AGGRESSIVE;
				GCC_WARN_UNUSED_FUNCTION = YES;
				GCC_WARN_UNUSED_VARIABLE = YES;
				MTL_ENABLE_DEBUG_INFO = NO;
				MTL_FAST_MATH = YES;
				SWIFT_COMPILATION_MODE = wholemodule;
				SWIFT_OPTIMIZATION_LEVEL = "-O";
			};
			name = Release;
		};
		9470A3CE2616E31900E64C0E /* Debug */ = {
			isa = XCBuildConfiguration;
			buildSettings = {
				ASSETCATALOG_COMPILER_APPICON_NAME = AppIcon;
				ASSETCATALOG_COMPILER_GLOBAL_ACCENT_COLOR_NAME = AccentColor;
				CODE_SIGN_STYLE = Automatic;
				ENABLE_PREVIEWS = YES;
				INFOPLIST_FILE = iOS/Info.plist;
				IPHONEOS_DEPLOYMENT_TARGET = 14.0;
				LD_RUNPATH_SEARCH_PATHS = (
					"$(inherited)",
					"@executable_path/Frameworks",
				);
				PRODUCT_BUNDLE_IDENTIFIER = com.example.scratchpad;
				PRODUCT_NAME = scratchpad;
				SDKROOT = iphoneos;
				SWIFT_VERSION = 5.0;
				TARGETED_DEVICE_FAMILY = "1,2";
			};
			name = Debug;
		};
		9470A3CF2616E31900E64C0E /* Release */ = {
			isa = XCBuildConfiguration;
			buildSettings = {
				ASSETCATALOG_COMPILER_APPICON_NAME = AppIcon;
				ASSETCATALOG_COMPILER_GLOBAL_ACCENT_COLOR_NAME = AccentColor;
				CODE_SIGN_STYLE = Automatic;
				ENABLE_PREVIEWS = YES;
				INFOPLIST_FILE = iOS/Info.plist;
				IPHONEOS_DEPLOYMENT_TARGET = 14.0;
				LD_RUNPATH_SEARCH_PATHS = (
					"$(inherited)",
					"@executable_path/Frameworks",
				);
				PRODUCT_BUNDLE_IDENTIFIER = com.example.scratchpad;
				PRODUCT_NAME = scratchpad;
				SDKROOT = iphoneos;
				SWIFT_VERSION = 5.0;
				TARGETED_DEVICE_FAMILY = "1,2";
				VALIDATE_PRODUCT = YES;
			};
			name = Release;
		};
		9470A3D12616E31900E64C0E /* Debug */ = {
			isa = XCBuildConfiguration;
			buildSettings = {
				ASSETCATALOG_COMPILER_APPICON_NAME = AppIcon;
				ASSETCATALOG_COMPILER_GLOBAL_ACCENT_COLOR_NAME = AccentColor;
				CODE_SIGN_ENTITLEMENTS = macOS/macOS.entitlements;
				CODE_SIGN_STYLE = Automatic;
				COMBINE_HIDPI_IMAGES = YES;
				ENABLE_PREVIEWS = YES;
				INFOPLIST_FILE = macOS/Info.plist;
				LD_RUNPATH_SEARCH_PATHS = (
					"$(inherited)",
					"@executable_path/../Frameworks",
				);
				MACOSX_DEPLOYMENT_TARGET = 11.0;
				PRODUCT_BUNDLE_IDENTIFIER = com.example.scratchpad;
				PRODUCT_NAME = scratchpad;
				SDKROOT = macosx;
				SWIFT_VERSION = 5.0;
			};
			name = Debug;
		};
		9470A3D22616E31900E64C0E /* Release */ = {
			isa = XCBuildConfiguration;
			buildSettings = {
				ASSETCATALOG_COMPILER_APPICON_NAME = AppIcon;
				ASSETCATALOG_COMPILER_GLOBAL_ACCENT_COLOR_NAME = AccentColor;
				CODE_SIGN_ENTITLEMENTS = macOS/macOS.entitlements;
				CODE_SIGN_STYLE = Automatic;
				COMBINE_HIDPI_IMAGES = YES;
				ENABLE_PREVIEWS = YES;
				INFOPLIST_FILE = macOS/Info.plist;
				LD_RUNPATH_SEARCH_PATHS = (
					"$(inherited)",
					"@executable_path/../Frameworks",
				);
				MACOSX_DEPLOYMENT_TARGET = 11.0;
				PRODUCT_BUNDLE_IDENTIFIER = com.example.scratchpad;
				PRODUCT_NAME = scratchpad;
				SDKROOT = macosx;
				SWIFT_VERSION = 5.0;
			};
			name = Release;
		};
		9470A3D42616E31900E64C0E /* Debug */ = {
			isa = XCBuildConfiguration;
			buildSettings = {
				ALWAYS_EMBED_SWIFT_STANDARD_LIBRARIES = YES;
				CODE_SIGN_STYLE = Automatic;
				INFOPLIST_FILE = "Tests iOS/Info.plist";
				IPHONEOS_DEPLOYMENT_TARGET = 14.4;
				LD_RUNPATH_SEARCH_PATHS = (
					"$(inherited)",
					"@executable_path/Frameworks",
					"@loader_path/Frameworks",
				);
				PRODUCT_BUNDLE_IDENTIFIER = "com.example.Tests-iOS";
				PRODUCT_NAME = "$(TARGET_NAME)";
				SDKROOT = iphoneos;
				SWIFT_VERSION = 5.0;
				TARGETED_DEVICE_FAMILY = "1,2";
				TEST_TARGET_NAME = "scratchpad (iOS)";
			};
			name = Debug;
		};
		9470A3D52616E31900E64C0E /* Release */ = {
			isa = XCBuildConfiguration;
			buildSettings = {
				ALWAYS_EMBED_SWIFT_STANDARD_LIBRARIES = YES;
				CODE_SIGN_STYLE = Automatic;
				INFOPLIST_FILE = "Tests iOS/Info.plist";
				IPHONEOS_DEPLOYMENT_TARGET = 14.4;
				LD_RUNPATH_SEARCH_PATHS = (
					"$(inherited)",
					"@executable_path/Frameworks",
					"@loader_path/Frameworks",
				);
				PRODUCT_BUNDLE_IDENTIFIER = "com.example.Tests-iOS";
				PRODUCT_NAME = "$(TARGET_NAME)";
				SDKROOT = iphoneos;
				SWIFT_VERSION = 5.0;
				TARGETED_DEVICE_FAMILY = "1,2";
				TEST_TARGET_NAME = "scratchpad (iOS)";
				VALIDATE_PRODUCT = YES;
			};
			name = Release;
		};
		9470A3D72616E31900E64C0E /* Debug */ = {
			isa = XCBuildConfiguration;
			buildSettings = {
				ALWAYS_EMBED_SWIFT_STANDARD_LIBRARIES = YES;
				CODE_SIGN_STYLE = Automatic;
				COMBINE_HIDPI_IMAGES = YES;
				INFOPLIST_FILE = "Tests macOS/Info.plist";
				LD_RUNPATH_SEARCH_PATHS = (
					"$(inherited)",
					"@executable_path/../Frameworks",
					"@loader_path/../Frameworks",
				);
				MACOSX_DEPLOYMENT_TARGET = 11.1;
				PRODUCT_BUNDLE_IDENTIFIER = "com.example.Tests-macOS";
				PRODUCT_NAME = "$(TARGET_NAME)";
				SDKROOT = macosx;
				SWIFT_VERSION = 5.0;
				TEST_TARGET_NAME = "scratchpad (macOS)";
			};
			name = Debug;
		};
		9470A3D82616E31900E64C0E /* Release */ = {
			isa = XCBuildConfiguration;
			buildSettings = {
				ALWAYS_EMBED_SWIFT_STANDARD_LIBRARIES = YES;
				CODE_SIGN_STYLE = Automatic;
				COMBINE_HIDPI_IMAGES = YES;
				INFOPLIST_FILE = "Tests macOS/Info.plist";
				LD_RUNPATH_SEARCH_PATHS = (
					"$(inherited)",
					"@executable_path/../Frameworks",
					"@loader_path/../Frameworks",
				);
				MACOSX_DEPLOYMENT_TARGET = 11.1;
				PRODUCT_BUNDLE_IDENTIFIER = "com.example.Tests-macOS";
				PRODUCT_NAME = "$(TARGET_NAME)";
				SDKROOT = macosx;
				SWIFT_VERSION = 5.0;
				TEST_TARGET_NAME = "scratchpad (macOS)";
			};
			name = Release;
		};
/* End XCBuildConfiguration section */

/* Begin XCConfigurationList section */
		9470A39A2616E31800E64C0E /* Build configuration list for PBXProject "scratchpad" */ = {
			isa = XCConfigurationList;
			buildConfigurations = (
				9470A3CB2616E31900E64C0E /* Debug */,
				9470A3CC2616E31900E64C0E /* Release */,
			);
			defaultConfigurationIsVisible = 0;
			defaultConfigurationName = Release;
		};
		9470A3CD2616E31900E64C0E /* Build configuration list for PBXNativeTarget "scratchpad (iOS)" */ = {
			isa = XCConfigurationList;
			buildConfigurations = (
				9470A3CE2616E31900E64C0E /* Debug */,
				9470A3CF2616E31900E64C0E /* Release */,
			);
			defaultConfigurationIsVisible = 0;
			defaultConfigurationName = Release;
		};
		9470A3D02616E31900E64C0E /* Build configuration list for PBXNativeTarget "scratchpad (macOS)" */ = {
			isa = XCConfigurationList;
			buildConfigurations = (
				9470A3D12616E31900E64C0E /* Debug */,
				9470A3D22616E31900E64C0E /* Release */,
			);
			defaultConfigurationIsVisible = 0;
			defaultConfigurationName = Release;
		};
		9470A3D32616E31900E64C0E /* Build configuration list for PBXNativeTarget "Tests iOS" */ = {
			isa = XCConfigurationList;
			buildConfigurations = (
				9470A3D42616E31900E64C0E /* Debug */,
				9470A3D52616E31900E64C0E /* Release */,
			);
			defaultConfigurationIsVisible = 0;
			defaultConfigurationName = Release;
		};
		9470A3D62616E31900E64C0E /* Build configuration list for PBXNativeTarget "Tests macOS" */ = {
			isa = XCConfigurationList;
			buildConfigurations = (
				9470A3D72616E31900E64C0E /* Debug */,
				9470A3D82616E31900E64C0E /* Release */,
			);
			defaultConfigurationIsVisible = 0;
			defaultConfigurationName = Release;
		};
/* End XCConfigurationList section */
	};
	rootObject = 9470A3972616E31800E64C0E /* Project object */;
}
